
Microsoft Visual Studio Solution File, Format Version 12.00
# Visual Studio Version 17
VisualStudioVersion = 17.9.34728.123
MinimumVisualStudioVersion = 10.0.40219.1
Project("{8BC9CEB8-8B4A-11D0-8D11-00A0C91BC942}") = "lesson10(10)", "lesson10(10)\lesson10(10).vcxproj", "{AB6B7D08-1943-43C5-B493-CCA3EADFBF66}"
EndProject
Global
	GlobalSection(SolutionConfigurationPlatforms) = preSolution
		Debug|x64 = Debug|x64
		Debug|x86 = Debug|x86
		Release|x64 = Release|x64
		Release|x86 = Release|x86
	EndGlobalSection
	GlobalSection(ProjectConfigurationPlatforms) = postSolution
		{AB6B7D08-1943-43C5-B493-CCA3EADFBF66}.Debug|x64.ActiveCfg = Debug|x64
		{AB6B7D08-1943-43C5-B493-CCA3EADFBF66}.Debug|x64.Build.0 = Debug|x64
		{AB6B7D08-1943-43C5-B493-CCA3EADFBF66}.Debug|x86.ActiveCfg = Debug|Win32
		{AB6B7D08-1943-43C5-B493-CCA3EADFBF66}.Debug|x86.Build.0 = Debug|Win32
		{AB6B7D08-1943-43C5-B493-CCA3EADFBF66}.Release|x64.ActiveCfg = Release|x64
		{AB6B7D08-1943-43C5-B493-CCA3EADFBF66}.Release|x64.Build.0 = Release|x64
		{AB6B7D08-1943-43C5-B493-CCA3EADFBF66}.Release|x86.ActiveCfg = Release|Win32
		{AB6B7D08-1943-43C5-B493-CCA3EADFBF66}.Release|x86.Build.0 = Release|Win32
	EndGlobalSection
	GlobalSection(SolutionProperties) = preSolution
		HideSolutionNode = FALSE
	EndGlobalSection
	GlobalSection(ExtensibilityGlobals) = postSolution
		SolutionGuid = {ADB2AA48-C99D-4E89-B7F3-01F82CFE78FD}
	EndGlobalSection
EndGlobal
